PODS:
  - Alamofire (3.4.1)

DEPENDENCIES:
  - Alamofire (from `https://github.com/Alamofire/Alamofire.git`, branch `swift2.3`)

EXTERNAL SOURCES:
  Alamofire:
    :branch: swift2.3
    :git: https://github.com/Alamofire/Alamofire.git

CHECKOUT OPTIONS:
  Alamofire:
    :commit: 1ac83593aaea0bb31c5d22c86d5a2cf90498ee71
    :git: https://github.com/Alamofire/Alamofire.git

SPEC CHECKSUMS:
  Alamofire: 01a82e2f6c0f860ade35534c8dd88be61bdef40c

PODFILE CHECKSUM: 053f30a3e30372d765abeb3c06d4346e660935a8

COCOAPODS: 1.0.1
